
Microsoft Visual Studio Solution File, Format Version 12.00
# Visual Studio Version 17
VisualStudioVersion = 17.8.34525.116
MinimumVisualStudioVersion = 10.0.40219.1
Project("{FAE04EC0-301F-11D3-BF4B-00C04F79EFBC}") = "Vinozito", "Vinozito\Vinozito.csproj", "{746ABD0E-5BB8-421B-9E67-5E709365ACA8}"
EndProject
Global
	GlobalSection(SolutionConfigurationPlatforms) = preSolution
		Debug|Any CPU = Debug|Any CPU
		Release|Any CPU = Release|Any CPU
	EndGlobalSection
	GlobalSection(ProjectConfigurationPlatforms) = postSolution
		{746ABD0E-5BB8-421B-9E67-5E709365ACA8}.Debug|Any CPU.ActiveCfg = Debug|Any CPU
		{746ABD0E-5BB8-421B-9E67-5E709365ACA8}.Debug|Any CPU.Build.0 = Debug|Any CPU
		{746ABD0E-5BB8-421B-9E67-5E709365ACA8}.Release|Any CPU.ActiveCfg = Release|Any CPU
		{746ABD0E-5BB8-421B-9E67-5E709365ACA8}.Release|Any CPU.Build.0 = Release|Any CPU
	EndGlobalSection
	GlobalSection(SolutionProperties) = preSolution
		HideSolutionNode = FALSE
	EndGlobalSection
	GlobalSection(ExtensibilityGlobals) = postSolution
		SolutionGuid = {8FF37FE3-6053-48B4-977C-59B1B858D810}
	EndGlobalSection
EndGlobal
