
Microsoft Visual Studio Solution File, Format Version 12.00
Project("{FAE04EC0-301F-11D3-BF4B-00C04F79EFBC}") = "backend", "backend\backend.csproj", "{F098C9CF-2FE0-4061-B9D2-596F60CCA4C1}"
EndProject
Global
	GlobalSection(SolutionConfigurationPlatforms) = preSolution
		Debug|Any CPU = Debug|Any CPU
		Release|Any CPU = Release|Any CPU
	EndGlobalSection
	GlobalSection(ProjectConfigurationPlatforms) = postSolution
		{F098C9CF-2FE0-4061-B9D2-596F60CCA4C1}.Debug|Any CPU.ActiveCfg = Debug|Any CPU
		{F098C9CF-2FE0-4061-B9D2-596F60CCA4C1}.Debug|Any CPU.Build.0 = Debug|Any CPU
		{F098C9CF-2FE0-4061-B9D2-596F60CCA4C1}.Release|Any CPU.ActiveCfg = Release|Any CPU
		{F098C9CF-2FE0-4061-B9D2-596F60CCA4C1}.Release|Any CPU.Build.0 = Release|Any CPU
	EndGlobalSection
EndGlobal
